// !$*UTF8*$!
{
	archiveVersion = 1;
	classes = {
	};
	objectVersion = 46;
	objects = {

/* Begin PBXBuildFile section */
		2912BF7F1B20DD8500FAC05E /* PatternMatchingString.m in Sources */ = {isa = PBXBuildFile; fileRef = 2912BF7E1B20DD8500FAC05E /* PatternMatchingString.m */; };
		2949AD991C9C96C000F9F009 /* MainController.m in Sources */ = {isa = PBXBuildFile; fileRef = 2949AD981C9C96C000F9F009 /* MainController.m */; };
		2949AD9B1C9E9EA400F9F009 /* libncurses.tbd in Frameworks */ = {isa = PBXBuildFile; fileRef = 2949AD9A1C9E9EA400F9F009 /* libncurses.tbd */; };
		294BF1971B1A13CD00506C50 /* main.m in Sources */ = {isa = PBXBuildFile; fileRef = 294BF1961B1A13CD00506C50 /* main.m */; };
		294BF1A81B1A141800506C50 /* GBCommandLineParser.m in Sources */ = {isa = PBXBuildFile; fileRef = 294BF1A01B1A141800506C50 /* GBCommandLineParser.m */; };
		294BF1A91B1A141800506C50 /* GBOptionsHelper.m in Sources */ = {isa = PBXBuildFile; fileRef = 294BF1A21B1A141800506C50 /* GBOptionsHelper.m */; };
		294BF1AA1B1A141800506C50 /* GBPrint.m in Sources */ = {isa = PBXBuildFile; fileRef = 294BF1A41B1A141800506C50 /* GBPrint.m */; };
		294BF1AB1B1A141800506C50 /* GBSettings.m in Sources */ = {isa = PBXBuildFile; fileRef = 294BF1A61B1A141800506C50 /* GBSettings.m */; };
		298CBC261CA1E60D007D4EE8 /* OCCurses.framework in Frameworks */ = {isa = PBXBuildFile; fileRef = 298CBC251CA1E60D007D4EE8 /* OCCurses.framework */; };
		298CBC2B1CA1E717007D4EE8 /* OCCurses.framework in CopyFiles */ = {isa = PBXBuildFile; fileRef = 298CBC2A1CA1E717007D4EE8 /* OCCurses.framework */; settings = {ATTRIBUTES = (CodeSignOnCopy, RemoveHeadersOnCopy, ); }; };
		29BE67FF1B6CDAC900A6E00C /* MacBrush.m in Sources */ = {isa = PBXBuildFile; fileRef = 29BE67FE1B6CDAC900A6E00C /* MacBrush.m */; };
		29BE68041B6E642E00A6E00C /* callback.m in Sources */ = {isa = PBXBuildFile; fileRef = 29BE68031B6E642E00A6E00C /* callback.m */; };
/* End PBXBuildFile section */

/* Begin PBXCopyFilesBuildPhase section */
		294BF1911B1A13CD00506C50 /* CopyFiles */ = {
			isa = PBXCopyFilesBuildPhase;
			buildActionMask = 12;
			dstPath = "";
			dstSubfolderSpec = 10;
			files = (
				298CBC2B1CA1E717007D4EE8 /* OCCurses.framework in CopyFiles */,
			);
			runOnlyForDeploymentPostprocessing = 0;
		};
/* End PBXCopyFilesBuildPhase section */

/* Begin PBXFileReference section */
		2912BF7C1B2084FB00FAC05E /* macbrush.1 */ = {isa = PBXFileReference; fileEncoding = 4; lastKnownFileType = text.man; name = macbrush.1; path = macbrush/macbrush.1; sourceTree = "<group>"; };
		2912BF7D1B20DD8500FAC05E /* PatternMatchingString.h */ = {isa = PBXFileReference; fileEncoding = 4; lastKnownFileType = sourcecode.c.h; path = PatternMatchingString.h; sourceTree = "<group>"; };
		2912BF7E1B20DD8500FAC05E /* PatternMatchingString.m */ = {isa = PBXFileReference; fileEncoding = 4; lastKnownFileType = sourcecode.c.objc; path = PatternMatchingString.m; sourceTree = "<group>"; };
		2949AD971C9C96C000F9F009 /* MainController.h */ = {isa = PBXFileReference; fileEncoding = 4; lastKnownFileType = sourcecode.c.h; path = MainController.h; sourceTree = "<group>"; };
		2949AD981C9C96C000F9F009 /* MainController.m */ = {isa = PBXFileReference; fileEncoding = 4; lastKnownFileType = sourcecode.c.objc; path = MainController.m; sourceTree = "<group>"; };
		2949AD9A1C9E9EA400F9F009 /* libncurses.tbd */ = {isa = PBXFileReference; lastKnownFileType = "sourcecode.text-based-dylib-definition"; name = libncurses.tbd; path = usr/lib/libncurses.tbd; sourceTree = SDKROOT; };
		294BF1931B1A13CD00506C50 /* macbrush */ = {isa = PBXFileReference; explicitFileType = "compiled.mach-o.executable"; includeInIndex = 0; path = macbrush; sourceTree = BUILT_PRODUCTS_DIR; };
		294BF1961B1A13CD00506C50 /* main.m */ = {isa = PBXFileReference; lastKnownFileType = sourcecode.c.objc; path = main.m; sourceTree = "<group>"; };
		294BF19E1B1A141800506C50 /* GBCli.h */ = {isa = PBXFileReference; fileEncoding = 4; lastKnownFileType = sourcecode.c.h; path = GBCli.h; sourceTree = "<group>"; };
		294BF19F1B1A141800506C50 /* GBCommandLineParser.h */ = {isa = PBXFileReference; fileEncoding = 4; lastKnownFileType = sourcecode.c.h; path = GBCommandLineParser.h; sourceTree = "<group>"; };
		294BF1A01B1A141800506C50 /* GBCommandLineParser.m */ = {isa = PBXFileReference; fileEncoding = 4; lastKnownFileType = sourcecode.c.objc; path = GBCommandLineParser.m; sourceTree = "<group>"; };
		294BF1A11B1A141800506C50 /* GBOptionsHelper.h */ = {isa = PBXFileReference; fileEncoding = 4; lastKnownFileType = sourcecode.c.h; path = GBOptionsHelper.h; sourceTree = "<group>"; };
		294BF1A21B1A141800506C50 /* GBOptionsHelper.m */ = {isa = PBXFileReference; fileEncoding = 4; lastKnownFileType = sourcecode.c.objc; path = GBOptionsHelper.m; sourceTree = "<group>"; };
		294BF1A31B1A141800506C50 /* GBPrint.h */ = {isa = PBXFileReference; fileEncoding = 4; lastKnownFileType = sourcecode.c.h; path = GBPrint.h; sourceTree = "<group>"; };
		294BF1A41B1A141800506C50 /* GBPrint.m */ = {isa = PBXFileReference; fileEncoding = 4; lastKnownFileType = sourcecode.c.objc; path = GBPrint.m; sourceTree = "<group>"; };
		294BF1A51B1A141800506C50 /* GBSettings.h */ = {isa = PBXFileReference; fileEncoding = 4; lastKnownFileType = sourcecode.c.h; path = GBSettings.h; sourceTree = "<group>"; };
		294BF1A61B1A141800506C50 /* GBSettings.m */ = {isa = PBXFileReference; fileEncoding = 4; lastKnownFileType = sourcecode.c.objc; path = GBSettings.m; sourceTree = "<group>"; };
		294BF1A71B1A141800506C50 /* main.h */ = {isa = PBXFileReference; fileEncoding = 4; lastKnownFileType = sourcecode.c.h; path = main.h; sourceTree = "<group>"; };
		298CBC231CA1E5FA007D4EE8 /* Debug */ = {isa = PBXFileReference; lastKnownFileType = folder; name = Debug; path = ../../OCCurses/Build/Products/Debug; sourceTree = "<group>"; };
		298CBC251CA1E60D007D4EE8 /* OCCurses.framework */ = {isa = PBXFileReference; lastKnownFileType = wrapper.framework; name = OCCurses.framework; path = ../../OCCurses/Build/Products/Release/OCCurses.framework; sourceTree = "<group>"; };
		298CBC281CA1E6EE007D4EE8 /* OCCurses.framework */ = {isa = PBXFileReference; lastKnownFileType = wrapper.framework; path = OCCurses.framework; sourceTree = "<group>"; };
		298CBC2A1CA1E717007D4EE8 /* OCCurses.framework */ = {isa = PBXFileReference; lastKnownFileType = wrapper.framework; path = OCCurses.framework; sourceTree = "<group>"; };
		29BE67FD1B6CDAC900A6E00C /* MacBrush.h */ = {isa = PBXFileReference; fileEncoding = 4; lastKnownFileType = sourcecode.c.h; path = MacBrush.h; sourceTree = "<group>"; };
		29BE67FE1B6CDAC900A6E00C /* MacBrush.m */ = {isa = PBXFileReference; fileEncoding = 4; lastKnownFileType = sourcecode.c.objc; path = MacBrush.m; sourceTree = "<group>"; };
		29BE68031B6E642E00A6E00C /* callback.m */ = {isa = PBXFileReference; fileEncoding = 4; lastKnownFileType = sourcecode.c.objc; path = callback.m; sourceTree = "<group>"; };
		29BE68051B6E644D00A6E00C /* callback.h */ = {isa = PBXFileReference; lastKnownFileType = sourcecode.c.h; path = callback.h; sourceTree = "<group>"; };
/* End PBXFileReference section */

/* Begin PBXFrameworksBuildPhase section */
		294BF1901B1A13CD00506C50 /* Frameworks */ = {
			isa = PBXFrameworksBuildPhase;
			buildActionMask = 2147483647;
			files = (
				298CBC261CA1E60D007D4EE8 /* OCCurses.framework in Frameworks */,
				2949AD9B1C9E9EA400F9F009 /* libncurses.tbd in Frameworks */,
			);
			runOnlyForDeploymentPostprocessing = 0;
		};
/* End PBXFrameworksBuildPhase section */

/* Begin PBXGroup section */
		294BF18A1B1A13CD00506C50 = {
			isa = PBXGroup;
			children = (
				298CBC2A1CA1E717007D4EE8 /* OCCurses.framework */,
				298CBC281CA1E6EE007D4EE8 /* OCCurses.framework */,
				298CBC251CA1E60D007D4EE8 /* OCCurses.framework */,
				298CBC231CA1E5FA007D4EE8 /* Debug */,
				2949AD9A1C9E9EA400F9F009 /* libncurses.tbd */,
				2912BF7C1B2084FB00FAC05E /* macbrush.1 */,
				294BF1951B1A13CD00506C50 /* macbrush */,
				294BF1941B1A13CD00506C50 /* Products */,
			);
			sourceTree = "<group>";
		};
		294BF1941B1A13CD00506C50 /* Products */ = {
			isa = PBXGroup;
			children = (
				294BF1931B1A13CD00506C50 /* macbrush */,
			);
			name = Products;
			sourceTree = "<group>";
		};
		294BF1951B1A13CD00506C50 /* macbrush */ = {
			isa = PBXGroup;
			children = (
				2949AD971C9C96C000F9F009 /* MainController.h */,
				2949AD981C9C96C000F9F009 /* MainController.m */,
				2912BF7D1B20DD8500FAC05E /* PatternMatchingString.h */,
				2912BF7E1B20DD8500FAC05E /* PatternMatchingString.m */,
				294BF19E1B1A141800506C50 /* GBCli.h */,
				294BF19F1B1A141800506C50 /* GBCommandLineParser.h */,
				294BF1A01B1A141800506C50 /* GBCommandLineParser.m */,
				294BF1A11B1A141800506C50 /* GBOptionsHelper.h */,
				294BF1A21B1A141800506C50 /* GBOptionsHelper.m */,
				294BF1A31B1A141800506C50 /* GBPrint.h */,
				294BF1A41B1A141800506C50 /* GBPrint.m */,
				294BF1A51B1A141800506C50 /* GBSettings.h */,
				294BF1A61B1A141800506C50 /* GBSettings.m */,
				294BF1A71B1A141800506C50 /* main.h */,
				294BF1961B1A13CD00506C50 /* main.m */,
				29BE67FD1B6CDAC900A6E00C /* MacBrush.h */,
				29BE67FE1B6CDAC900A6E00C /* MacBrush.m */,
				29BE68031B6E642E00A6E00C /* callback.m */,
				29BE68051B6E644D00A6E00C /* callback.h */,
			);
			path = macbrush;
			sourceTree = "<group>";
		};
/* End PBXGroup section */

/* Begin PBXNativeTarget section */
		294BF1921B1A13CD00506C50 /* macbrush */ = {
			isa = PBXNativeTarget;
			buildConfigurationList = 294BF19A1B1A13CD00506C50 /* Build configuration list for PBXNativeTarget "macbrush" */;
			buildPhases = (
				294BF18F1B1A13CD00506C50 /* Sources */,
				294BF1901B1A13CD00506C50 /* Frameworks */,
				294BF1911B1A13CD00506C50 /* CopyFiles */,
			);
			buildRules = (
			);
			dependencies = (
			);
			name = macbrush;
			productName = macbrush;
			productReference = 294BF1931B1A13CD00506C50 /* macbrush */;
			productType = "com.apple.product-type.tool";
		};
/* End PBXNativeTarget section */

/* Begin PBXProject section */
		294BF18B1B1A13CD00506C50 /* Project object */ = {
			isa = PBXProject;
			attributes = {
				LastUpgradeCheck = 0730;
				ORGANIZATIONNAME = "Nils Tekampe";
				TargetAttributes = {
					294BF1921B1A13CD00506C50 = {
						CreatedOnToolsVersion = 6.3.1;
					};
				};
			};
			buildConfigurationList = 294BF18E1B1A13CD00506C50 /* Build configuration list for PBXProject "macbrush" */;
			compatibilityVersion = "Xcode 3.2";
			developmentRegion = English;
			hasScannedForEncodings = 0;
			knownRegions = (
				en,
			);
			mainGroup = 294BF18A1B1A13CD00506C50;
			productRefGroup = 294BF1941B1A13CD00506C50 /* Products */;
			projectDirPath = "";
			projectRoot = "";
			targets = (
				294BF1921B1A13CD00506C50 /* macbrush */,
			);
		};
/* End PBXProject section */

/* Begin PBXSourcesBuildPhase section */
		294BF18F1B1A13CD00506C50 /* Sources */ = {
			isa = PBXSourcesBuildPhase;
			buildActionMask = 2147483647;
			files = (
				294BF1971B1A13CD00506C50 /* main.m in Sources */,
				2949AD991C9C96C000F9F009 /* MainController.m in Sources */,
				294BF1AB1B1A141800506C50 /* GBSettings.m in Sources */,
				29BE68041B6E642E00A6E00C /* callback.m in Sources */,
				2912BF7F1B20DD8500FAC05E /* PatternMatchingString.m in Sources */,
				294BF1A91B1A141800506C50 /* GBOptionsHelper.m in Sources */,
				29BE67FF1B6CDAC900A6E00C /* MacBrush.m in Sources */,
				294BF1AA1B1A141800506C50 /* GBPrint.m in Sources */,
				294BF1A81B1A141800506C50 /* GBCommandLineParser.m in Sources */,
			);
			runOnlyForDeploymentPostprocessing = 0;
		};
/* End PBXSourcesBuildPhase section */

/* Begin XCBuildConfiguration section */
		294BF1981B1A13CD00506C50 /* Debug */ = {
			isa = XCBuildConfiguration;
			buildSettings = {
				ALWAYS_SEARCH_USER_PATHS = NO;
				CLANG_CXX_LANGUAGE_STANDARD = "gnu++0x";
				CLANG_CXX_LIBRARY = "libc++";
				CLANG_ENABLE_MODULES = YES;
				CLANG_ENABLE_OBJC_ARC = YES;
				CLANG_WARN_BOOL_CONVERSION = YES;
				CLANG_WARN_CONSTANT_CONVERSION = YES;
				CLANG_WARN_DIRECT_OBJC_ISA_USAGE = YES_ERROR;
				CLANG_WARN_EMPTY_BODY = YES;
				CLANG_WARN_ENUM_CONVERSION = YES;
				CLANG_WARN_INT_CONVERSION = YES;
				CLANG_WARN_OBJC_ROOT_CLASS = YES_ERROR;
				CLANG_WARN_UNREACHABLE_CODE = YES;
				CLANG_WARN__DUPLICATE_METHOD_MATCH = YES;
				COPY_PHASE_STRIP = NO;
				DEBUG_INFORMATION_FORMAT = dwarf;
				ENABLE_STRICT_OBJC_MSGSEND = YES;
				ENABLE_TESTABILITY = YES;
				GCC_C_LANGUAGE_STANDARD = gnu99;
				GCC_DYNAMIC_NO_PIC = NO;
				GCC_NO_COMMON_BLOCKS = YES;
				GCC_OPTIMIZATION_LEVEL = 0;
				GCC_PREPROCESSOR_DEFINITIONS = (
					"DEBUG=1",
					"$(inherited)",
				);
				GCC_SYMBOLS_PRIVATE_EXTERN = NO;
				GCC_WARN_64_TO_32_BIT_CONVERSION = YES;
				GCC_WARN_ABOUT_RETURN_TYPE = YES_ERROR;
				GCC_WARN_UNDECLARED_SELECTOR = YES;
				GCC_WARN_UNINITIALIZED_AUTOS = YES_AGGRESSIVE;
				GCC_WARN_UNUSED_FUNCTION = YES;
				GCC_WARN_UNUSED_VARIABLE = YES;
				MACOSX_DEPLOYMENT_TARGET = 10.10;
				MTL_ENABLE_DEBUG_INFO = YES;
				ONLY_ACTIVE_ARCH = YES;
				SDKROOT = macosx;
			};
			name = Debug;
		};
		294BF1991B1A13CD00506C50 /* Release */ = {
			isa = XCBuildConfiguration;
			buildSettings = {
				ALWAYS_SEARCH_USER_PATHS = NO;
				CLANG_CXX_LANGUAGE_STANDARD = "gnu++0x";
				CLANG_CXX_LIBRARY = "libc++";
				CLANG_ENABLE_MODULES = YES;
				CLANG_ENABLE_OBJC_ARC = YES;
				CLANG_WARN_BOOL_CONVERSION = YES;
				CLANG_WARN_CONSTANT_CONVERSION = YES;
				CLANG_WARN_DIRECT_OBJC_ISA_USAGE = YES_ERROR;
				CLANG_WARN_EMPTY_BODY = YES;
				CLANG_WARN_ENUM_CONVERSION = YES;
				CLANG_WARN_INT_CONVERSION = YES;
				CLANG_WARN_OBJC_ROOT_CLASS = YES_ERROR;
				CLANG_WARN_UNREACHABLE_CODE = YES;
				CLANG_WARN__DUPLICATE_METHOD_MATCH = YES;
				COPY_PHASE_STRIP = NO;
				DEBUG_INFORMATION_FORMAT = "dwarf-with-dsym";
				ENABLE_NS_ASSERTIONS = NO;
				ENABLE_STRICT_OBJC_MSGSEND = YES;
				GCC_C_LANGUAGE_STANDARD = gnu99;
				GCC_NO_COMMON_BLOCKS = YES;
				GCC_WARN_64_TO_32_BIT_CONVERSION = YES;
				GCC_WARN_ABOUT_RETURN_TYPE = YES_ERROR;
				GCC_WARN_UNDECLARED_SELECTOR = YES;
				GCC_WARN_UNINITIALIZED_AUTOS = YES_AGGRESSIVE;
				GCC_WARN_UNUSED_FUNCTION = YES;
				GCC_WARN_UNUSED_VARIABLE = YES;
				MACOSX_DEPLOYMENT_TARGET = 10.10;
				MTL_ENABLE_DEBUG_INFO = NO;
				SDKROOT = macosx;
			};
			name = Release;
		};
		294BF19B1B1A13CD00506C50 /* Debug */ = {
			isa = XCBuildConfiguration;
			buildSettings = {
				"FRAMEWORK_SEARCH_PATHS[arch=*]" = "$(SRCROOT)";
				PRODUCT_NAME = "$(TARGET_NAME)";
				"USER_HEADER_SEARCH_PATHS[arch=*]" = "$(BUILD_ROOT)/../IntermediateBuildFilesPath/UninstalledProducts /Users/nils/Documents/GitHub/OCCurses/OCCurses/Source";
			};
			name = Debug;
		};
		294BF19C1B1A13CD00506C50 /* Release */ = {
			isa = XCBuildConfiguration;
			buildSettings = {
				"FRAMEWORK_SEARCH_PATHS[arch=*]" = "$(SRCROOT)";
				PRODUCT_NAME = "$(TARGET_NAME)";
				"USER_HEADER_SEARCH_PATHS[arch=*]" = "/Users/nils/Documents/GitHub/OCCurses/OCCurses/Source $(BUILD_ROOT)/../IntermediateBuildFilesPath/UninstalledProducts";
			};
			name = Release;
		};
/* End XCBuildConfiguration section */

/* Begin XCConfigurationList section */
		294BF18E1B1A13CD00506C50 /* Build configuration list for PBXProject "macbrush" */ = {
			isa = XCConfigurationList;
			buildConfigurations = (
				294BF1981B1A13CD00506C50 /* Debug */,
				294BF1991B1A13CD00506C50 /* Release */,
			);
			defaultConfigurationIsVisible = 0;
			defaultConfigurationName = Release;
		};
		294BF19A1B1A13CD00506C50 /* Build configuration list for PBXNativeTarget "macbrush" */ = {
			isa = XCConfigurationList;
			buildConfigurations = (
				294BF19B1B1A13CD00506C50 /* Debug */,
				294BF19C1B1A13CD00506C50 /* Release */,
			);
			defaultConfigurationIsVisible = 0;
			defaultConfigurationName = Release;
		};
/* End XCConfigurationList section */
	};
	rootObject = 294BF18B1B1A13CD00506C50 /* Project object */;
}
